
Microsoft Visual Studio Solution File, Format Version 12.00
# Visual Studio 15
VisualStudioVersion = 15.0.27428.2027
MinimumVisualStudioVersion = 10.0.40219.1
Project("{FAE04EC0-301F-11D3-BF4B-00C04F79EFBC}") = "SurveyMe.Domain.Common", "SurveyMe.Domain.Common\SurveyMe.Domain.Common.csproj", "{F3534C1A-4AF1-4641-A7CE-8E170088C682}"
EndProject
Global
	GlobalSection(SolutionConfigurationPlatforms) = preSolution
		Debug|x64 = Debug|x64
		Release|x64 = Release|x64
	EndGlobalSection
	GlobalSection(ProjectConfigurationPlatforms) = postSolution
		{F3534C1A-4AF1-4641-A7CE-8E170088C682}.Debug|x64.ActiveCfg = Debug|x64
		{F3534C1A-4AF1-4641-A7CE-8E170088C682}.Debug|x64.Build.0 = Debug|x64
		{F3534C1A-4AF1-4641-A7CE-8E170088C682}.Release|x64.ActiveCfg = Release|x64
		{F3534C1A-4AF1-4641-A7CE-8E170088C682}.Release|x64.Build.0 = Release|x64
	EndGlobalSection
	GlobalSection(SolutionProperties) = preSolution
		HideSolutionNode = FALSE
	EndGlobalSection
	GlobalSection(ExtensibilityGlobals) = postSolution
		SolutionGuid = {2A9393AA-74B9-47FE-B2DA-9D4E1336D126}
	EndGlobalSection
EndGlobal
